
Microsoft Visual Studio Solution File, Format Version 12.00
# Visual Studio 14
VisualStudioVersion = 14.0.23107.0
MinimumVisualStudioVersion = 10.0.40219.1
Project("{2150E333-8FDC-42A3-9474-1A3956D46DE8}") = "Solution Items", "Solution Items", "{3E5B8C5F-AEEB-484A-80C8-F5660CB8FA27}"
	ProjectSection(SolutionItems) = preProject
		appveyor.yml = appveyor.yml
		LICENSE.txt = LICENSE.txt
		README.md = README.md
	EndProjectSection
EndProject
Project("{FAE04EC0-301F-11D3-BF4B-00C04F79EFBC}") = "Tvl.VisualStudio.InheritanceMargin", "Tvl.VisualStudio.InheritanceMargin\Tvl.VisualStudio.InheritanceMargin.csproj", "{C5BE4BE1-F167-4D34-980A-1A2F83C5D74A}"
EndProject
Project("{FAE04EC0-301F-11D3-BF4B-00C04F79EFBC}") = "Tvl.VisualStudio.InheritanceMargin.Interfaces", "Tvl.VisualStudio.InheritanceMargin.Interfaces\Tvl.VisualStudio.InheritanceMargin.Interfaces.csproj", "{F4B709E6-8926-42E6-914A-749CB473F37B}"
EndProject
Project("{FAE04EC0-301F-11D3-BF4B-00C04F79EFBC}") = "Tvl.VisualStudio.InheritanceMargin.CSharp.10.0", "Tvl.VisualStudio.InheritanceMargin.CSharp\Tvl.VisualStudio.InheritanceMargin.CSharp.10.0.csproj", "{3AFF1709-477E-4C8A-AEC6-4D2E32A04097}"
EndProject
Project("{FAE04EC0-301F-11D3-BF4B-00C04F79EFBC}") = "Tvl.VisualStudio.InheritanceMargin.CSharp.11.0", "Tvl.VisualStudio.InheritanceMargin.CSharp\Tvl.VisualStudio.InheritanceMargin.CSharp.11.0.csproj", "{2ACB7340-8400-4D5D-8624-A4E7FE8FC474}"
EndProject
Project("{FAE04EC0-301F-11D3-BF4B-00C04F79EFBC}") = "Tvl.VisualStudio.InheritanceMargin.CSharp.12.0", "Tvl.VisualStudio.InheritanceMargin.CSharp\Tvl.VisualStudio.InheritanceMargin.CSharp.12.0.csproj", "{FBB6E057-77DA-4FF6-A867-EF741971E511}"
EndProject
Project("{FAE04EC0-301F-11D3-BF4B-00C04F79EFBC}") = "Tvl.VisualStudio.InheritanceMargin.CSharp.Roslyn", "Tvl.VisualStudio.InheritanceMargin.CSharp\Tvl.VisualStudio.InheritanceMargin.CSharp.Roslyn.csproj", "{912F988E-C5D9-413A-9B81-86D0AA67947B}"
EndProject
Project("{FAE04EC0-301F-11D3-BF4B-00C04F79EFBC}") = "Tvl.VisualStudio.InheritanceMargin.CSharp.14.0", "Tvl.VisualStudio.InheritanceMargin.CSharp\Tvl.VisualStudio.InheritanceMargin.CSharp.14.0.csproj", "{7D84BB06-4C50-4EB4-ABD5-71C63B0C2409}"
EndProject
Global
	GlobalSection(SolutionConfigurationPlatforms) = preSolution
		Debug|Any CPU = Debug|Any CPU
		Release|Any CPU = Release|Any CPU
	EndGlobalSection
	GlobalSection(ProjectConfigurationPlatforms) = postSolution
		{C5BE4BE1-F167-4D34-980A-1A2F83C5D74A}.Debug|Any CPU.ActiveCfg = Debug|Any CPU
		{C5BE4BE1-F167-4D34-980A-1A2F83C5D74A}.Debug|Any CPU.Build.0 = Debug|Any CPU
		{C5BE4BE1-F167-4D34-980A-1A2F83C5D74A}.Release|Any CPU.ActiveCfg = Release|Any CPU
		{C5BE4BE1-F167-4D34-980A-1A2F83C5D74A}.Release|Any CPU.Build.0 = Release|Any CPU
		{F4B709E6-8926-42E6-914A-749CB473F37B}.Debug|Any CPU.ActiveCfg = Debug|Any CPU
		{F4B709E6-8926-42E6-914A-749CB473F37B}.Debug|Any CPU.Build.0 = Debug|Any CPU
		{F4B709E6-8926-42E6-914A-749CB473F37B}.Release|Any CPU.ActiveCfg = Release|Any CPU
		{F4B709E6-8926-42E6-914A-749CB473F37B}.Release|Any CPU.Build.0 = Release|Any CPU
		{3AFF1709-477E-4C8A-AEC6-4D2E32A04097}.Debug|Any CPU.ActiveCfg = Debug|Any CPU
		{3AFF1709-477E-4C8A-AEC6-4D2E32A04097}.Debug|Any CPU.Build.0 = Debug|Any CPU
		{3AFF1709-477E-4C8A-AEC6-4D2E32A04097}.Release|Any CPU.ActiveCfg = Release|Any CPU
		{3AFF1709-477E-4C8A-AEC6-4D2E32A04097}.Release|Any CPU.Build.0 = Release|Any CPU
		{2ACB7340-8400-4D5D-8624-A4E7FE8FC474}.Debug|Any CPU.ActiveCfg = Debug|Any CPU
		{2ACB7340-8400-4D5D-8624-A4E7FE8FC474}.Debug|Any CPU.Build.0 = Debug|Any CPU
		{2ACB7340-8400-4D5D-8624-A4E7FE8FC474}.Release|Any CPU.ActiveCfg = Release|Any CPU
		{2ACB7340-8400-4D5D-8624-A4E7FE8FC474}.Release|Any CPU.Build.0 = Release|Any CPU
		{FBB6E057-77DA-4FF6-A867-EF741971E511}.Debug|Any CPU.ActiveCfg = Debug|Any CPU
		{FBB6E057-77DA-4FF6-A867-EF741971E511}.Debug|Any CPU.Build.0 = Debug|Any CPU
		{FBB6E057-77DA-4FF6-A867-EF741971E511}.Release|Any CPU.ActiveCfg = Release|Any CPU
		{FBB6E057-77DA-4FF6-A867-EF741971E511}.Release|Any CPU.Build.0 = Release|Any CPU
		{912F988E-C5D9-413A-9B81-86D0AA67947B}.Debug|Any CPU.ActiveCfg = Debug|Any CPU
		{912F988E-C5D9-413A-9B81-86D0AA67947B}.Debug|Any CPU.Build.0 = Debug|Any CPU
		{912F988E-C5D9-413A-9B81-86D0AA67947B}.Release|Any CPU.ActiveCfg = Release|Any CPU
		{912F988E-C5D9-413A-9B81-86D0AA67947B}.Release|Any CPU.Build.0 = Release|Any CPU
		{7D84BB06-4C50-4EB4-ABD5-71C63B0C2409}.Debug|Any CPU.ActiveCfg = Debug|Any CPU
		{7D84BB06-4C50-4EB4-ABD5-71C63B0C2409}.Debug|Any CPU.Build.0 = Debug|Any CPU
		{7D84BB06-4C50-4EB4-ABD5-71C63B0C2409}.Release|Any CPU.ActiveCfg = Release|Any CPU
		{7D84BB06-4C50-4EB4-ABD5-71C63B0C2409}.Release|Any CPU.Build.0 = Release|Any CPU
	EndGlobalSection
	GlobalSection(SolutionProperties) = preSolution
		HideSolutionNode = FALSE
	EndGlobalSection
EndGlobal
